
Microsoft Visual Studio Solution File, Format Version 12.00
# Visual Studio Version 16
VisualStudioVersion = 16.0.29911.84
MinimumVisualStudioVersion = 10.0.40219.1
Project("{FAE04EC0-301F-11D3-BF4B-00C04F79EFBC}") = "estagio-brg.API", "estagio-brg.API\estagio-brg.API.csproj", "{A6F7C6BC-7C9D-4F79-BE68-C3A039186A5C}"
EndProject
Global
	GlobalSection(SolutionConfigurationPlatforms) = preSolution
		Debug|Any CPU = Debug|Any CPU
		Release|Any CPU = Release|Any CPU
	EndGlobalSection
	GlobalSection(ProjectConfigurationPlatforms) = postSolution
		{A6F7C6BC-7C9D-4F79-BE68-C3A039186A5C}.Debug|Any CPU.ActiveCfg = Debug|Any CPU
		{A6F7C6BC-7C9D-4F79-BE68-C3A039186A5C}.Debug|Any CPU.Build.0 = Debug|Any CPU
		{A6F7C6BC-7C9D-4F79-BE68-C3A039186A5C}.Release|Any CPU.ActiveCfg = Release|Any CPU
		{A6F7C6BC-7C9D-4F79-BE68-C3A039186A5C}.Release|Any CPU.Build.0 = Release|Any CPU
	EndGlobalSection
	GlobalSection(SolutionProperties) = preSolution
		HideSolutionNode = FALSE
	EndGlobalSection
	GlobalSection(ExtensibilityGlobals) = postSolution
		SolutionGuid = {DD95CF39-BC55-4DD6-B550-DDEA830D8C8F}
	EndGlobalSection
EndGlobal
